// !$*UTF8*$!
{
	archiveVersion = 1;
	classes = {
	};
	objectVersion = 48;
	objects = {

/* Begin PBXBuildFile section */
		5889121456FB5A2EA5597BB9 /* Pods_DisDat.framework in Frameworks */ = {isa = PBXBuildFile; fileRef = 493863377EB474F78C41C68D /* Pods_DisDat.framework */; };
		5A0802291F4C6C0D0066D1D1 /* disdatkerasv8.mlmodel in Sources */ = {isa = PBXBuildFile; fileRef = 5A0802281F4C6B6A0066D1D1 /* disdatkerasv8.mlmodel */; };
		6C07E0B71F2CADAE007A646A /* LanguageSelectorVC.swift in Sources */ = {isa = PBXBuildFile; fileRef = 6C07E0B61F2CADAE007A646A /* LanguageSelectorVC.swift */; };
		6C07E0B91F2CB07D007A646A /* LanguageSelectionPickerView.swift in Sources */ = {isa = PBXBuildFile; fileRef = 6C07E0B81F2CB07D007A646A /* LanguageSelectionPickerView.swift */; };
		6C165C271F421C7400B54C7C /* DiscoveredWordCollection.swift in Sources */ = {isa = PBXBuildFile; fileRef = 6C165C261F421C7400B54C7C /* DiscoveredWordCollection.swift */; };
		6C165C291F421E9200B54C7C /* AchievementDetailTVC.swift in Sources */ = {isa = PBXBuildFile; fileRef = 6C165C281F421E9200B54C7C /* AchievementDetailTVC.swift */; };
		6C1709661F2CE1F300A23068 /* Helpers.swift in Sources */ = {isa = PBXBuildFile; fileRef = 6C1709651F2CE1F300A23068 /* Helpers.swift */; };
		6C1BC84B1F52018600D53BBB /* GoogleService-Info.plist in Resources */ = {isa = PBXBuildFile; fileRef = 6CAB30C21F51CAC2007E8773 /* GoogleService-Info.plist */; };
		6C1BC8501F533E6600D53BBB /* FBSDKCoreKit.framework in Frameworks */ = {isa = PBXBuildFile; fileRef = 6C1BC84F1F533D5300D53BBB /* FBSDKCoreKit.framework */; };
		6C1BC8511F533E6900D53BBB /* FBSDKLoginKit.framework in Frameworks */ = {isa = PBXBuildFile; fileRef = 6C1BC84E1F533D5300D53BBB /* FBSDKLoginKit.framework */; };
		6C1BC8531F5342F100D53BBB /* Bolts.framework in Frameworks */ = {isa = PBXBuildFile; fileRef = 6C1BC8521F5342EE00D53BBB /* Bolts.framework */; };
		6C2C0F391F59517000C958DF /* NotificationService.swift in Sources */ = {isa = PBXBuildFile; fileRef = 6C2C0F381F59517000C958DF /* NotificationService.swift */; };
		6C2C0F3D1F59517000C958DF /* OneSignalNotificationServiceExtension.appex in Embed App Extensions */ = {isa = PBXBuildFile; fileRef = 6C2C0F361F59517000C958DF /* OneSignalNotificationServiceExtension.appex */; settings = {ATTRIBUTES = (RemoveHeadersOnCopy, ); }; };
		6C2C0F431F595BB600C958DF /* Constants.swift in Sources */ = {isa = PBXBuildFile; fileRef = 6C2C0F421F595BB600C958DF /* Constants.swift */; };
		6C4064E41F49E99800411A60 /* LoginVC.swift in Sources */ = {isa = PBXBuildFile; fileRef = 6C4064E31F49E99800411A60 /* LoginVC.swift */; };
		6C4922B61F6093030094CD18 /* InfoPlist.strings in Resources */ = {isa = PBXBuildFile; fileRef = 6C4922B81F6093030094CD18 /* InfoPlist.strings */; };
		6C4922BB1F6093030094CD18 /* InfoPlist.strings in Resources */ = {isa = PBXBuildFile; fileRef = 6C4922BD1F6093030094CD18 /* InfoPlist.strings */; };
		6C4922C01F6093030094CD18 /* Localizable.strings in Resources */ = {isa = PBXBuildFile; fileRef = 6C4922C21F6093030094CD18 /* Localizable.strings */; };
		6C6815981F58173100FD9448 /* MainPVC.swift in Sources */ = {isa = PBXBuildFile; fileRef = 6C6815971F58173100FD9448 /* MainPVC.swift */; };
		6C68159A1F582F0500FD9448 /* MainPVCContainer.swift in Sources */ = {isa = PBXBuildFile; fileRef = 6C6815991F582F0500FD9448 /* MainPVCContainer.swift */; };
		6C87A2FB1F55A82E0096FC30 /* labels_en-US.json in Resources */ = {isa = PBXBuildFile; fileRef = 6C87A2FA1F55A52E0096FC30 /* labels_en-US.json */; };
		6C943D281F5563DC001DADF7 /* labels_fr-FR.json in Resources */ = {isa = PBXBuildFile; fileRef = 6C943D251F5563D6001DADF7 /* labels_fr-FR.json */; };
		6C943D2A1F5563E2001DADF7 /* labels_nl-BE.json in Resources */ = {isa = PBXBuildFile; fileRef = 6C943D261F5563D6001DADF7 /* labels_nl-BE.json */; };
		6C94BBAF1F56C59900E12DDB /* AchievementDetailCell.swift in Sources */ = {isa = PBXBuildFile; fileRef = 6C94BBAE1F56C59900E12DDB /* AchievementDetailCell.swift */; };
		6CA05F811F5B2DFA00038B28 /* LaunchScreenVC.swift in Sources */ = {isa = PBXBuildFile; fileRef = 6CA05F801F5B2DFA00038B28 /* LaunchScreenVC.swift */; };
		6CAB30871F51A005007E8773 /* SettingsTVC.swift in Sources */ = {isa = PBXBuildFile; fileRef = 6CAB30861F51A004007E8773 /* SettingsTVC.swift */; };
		6CAB308A1F51ADA3007E8773 /* Authentication.swift in Sources */ = {isa = PBXBuildFile; fileRef = 6CAB30891F51ADA3007E8773 /* Authentication.swift */; };
		6CB5E57B1F5EB04C00743B7F /* SpeechBubble.swift in Sources */ = {isa = PBXBuildFile; fileRef = 6CB5E57A1F5EB04C00743B7F /* SpeechBubble.swift */; };
		6CDE447A1F5589DE00A40256 /* AchievementsCVC.swift in Sources */ = {isa = PBXBuildFile; fileRef = 6CDE44791F5589DE00A40256 /* AchievementsCVC.swift */; };
		6CDE447C1F558C0D00A40256 /* AchievementCategoryCell.swift in Sources */ = {isa = PBXBuildFile; fileRef = 6CDE447B1F558C0D00A40256 /* AchievementCategoryCell.swift */; };
		88C6A9C31EF863CC00CC4360 /* AppDelegate.swift in Sources */ = {isa = PBXBuildFile; fileRef = 88C6A9C21EF863CC00CC4360 /* AppDelegate.swift */; };
		88C6A9C51EF863CC00CC4360 /* DiscoverVC.swift in Sources */ = {isa = PBXBuildFile; fileRef = 88C6A9C41EF863CC00CC4360 /* DiscoverVC.swift */; };
		88C6A9C81EF863CC00CC4360 /* Main.storyboard in Resources */ = {isa = PBXBuildFile; fileRef = 88C6A9C61EF863CC00CC4360 /* Main.storyboard */; };
		88C6A9CA1EF863CC00CC4360 /* Assets.xcassets in Resources */ = {isa = PBXBuildFile; fileRef = 88C6A9C91EF863CC00CC4360 /* Assets.xcassets */; };
		88C6A9CD1EF863CC00CC4360 /* LaunchScreen.storyboard in Resources */ = {isa = PBXBuildFile; fileRef = 88C6A9CB1EF863CC00CC4360 /* LaunchScreen.storyboard */; };
		EC18BE76E27A3EB5CCACED8B /* Pods_OneSignalNotificationServiceExtension.framework in Frameworks */ = {isa = PBXBuildFile; fileRef = E345F342BE95E8E655A5B1DB /* Pods_OneSignalNotificationServiceExtension.framework */; };
/* End PBXBuildFile section */

/* Begin PBXContainerItemProxy section */
		6C2C0F3B1F59517000C958DF /* PBXContainerItemProxy */ = {
			isa = PBXContainerItemProxy;
			containerPortal = 88C6A9B71EF863CB00CC4360 /* Project object */;
			proxyType = 1;
			remoteGlobalIDString = 6C2C0F351F59517000C958DF;
			remoteInfo = OneSignalNotificationServiceExtension;
		};
/* End PBXContainerItemProxy section */

/* Begin PBXCopyFilesBuildPhase section */
		6C2C0F411F59517000C958DF /* Embed App Extensions */ = {
			isa = PBXCopyFilesBuildPhase;
			buildActionMask = 2147483647;
			dstPath = "";
			dstSubfolderSpec = 13;
			files = (
				6C2C0F3D1F59517000C958DF /* OneSignalNotificationServiceExtension.appex in Embed App Extensions */,
			);
			name = "Embed App Extensions";
			runOnlyForDeploymentPostprocessing = 0;
		};
/* End PBXCopyFilesBuildPhase section */

/* Begin PBXFileReference section */
		493863377EB474F78C41C68D /* Pods_DisDat.framework */ = {isa = PBXFileReference; explicitFileType = wrapper.framework; includeInIndex = 0; path = Pods_DisDat.framework; sourceTree = BUILT_PRODUCTS_DIR; };
		5A0802281F4C6B6A0066D1D1 /* disdatkerasv8.mlmodel */ = {isa = PBXFileReference; lastKnownFileType = file.mlmodel; path = disdatkerasv8.mlmodel; sourceTree = "<group>"; };
		6C07E0B61F2CADAE007A646A /* LanguageSelectorVC.swift */ = {isa = PBXFileReference; lastKnownFileType = sourcecode.swift; path = LanguageSelectorVC.swift; sourceTree = "<group>"; };
		6C07E0B81F2CB07D007A646A /* LanguageSelectionPickerView.swift */ = {isa = PBXFileReference; lastKnownFileType = sourcecode.swift; path = LanguageSelectionPickerView.swift; sourceTree = "<group>"; };
		6C165C261F421C7400B54C7C /* DiscoveredWordCollection.swift */ = {isa = PBXFileReference; lastKnownFileType = sourcecode.swift; path = DiscoveredWordCollection.swift; sourceTree = "<group>"; };
		6C165C281F421E9200B54C7C /* AchievementDetailTVC.swift */ = {isa = PBXFileReference; lastKnownFileType = sourcecode.swift; path = AchievementDetailTVC.swift; sourceTree = "<group>"; };
		6C1709651F2CE1F300A23068 /* Helpers.swift */ = {isa = PBXFileReference; lastKnownFileType = sourcecode.swift; path = Helpers.swift; sourceTree = "<group>"; };
		6C1BC84E1F533D5300D53BBB /* FBSDKLoginKit.framework */ = {isa = PBXFileReference; lastKnownFileType = wrapper.framework; path = FBSDKLoginKit.framework; sourceTree = "<group>"; };
		6C1BC84F1F533D5300D53BBB /* FBSDKCoreKit.framework */ = {isa = PBXFileReference; lastKnownFileType = wrapper.framework; path = FBSDKCoreKit.framework; sourceTree = "<group>"; };
		6C1BC8521F5342EE00D53BBB /* Bolts.framework */ = {isa = PBXFileReference; lastKnownFileType = wrapper.framework; path = Bolts.framework; sourceTree = "<group>"; };
		6C2C0F311F58CE7D00C958DF /* DisDat.entitlements */ = {isa = PBXFileReference; lastKnownFileType = text.plist.entitlements; path = DisDat.entitlements; sourceTree = "<group>"; };
		6C2C0F361F59517000C958DF /* OneSignalNotificationServiceExtension.appex */ = {isa = PBXFileReference; explicitFileType = "wrapper.app-extension"; includeInIndex = 0; path = OneSignalNotificationServiceExtension.appex; sourceTree = BUILT_PRODUCTS_DIR; };
		6C2C0F381F59517000C958DF /* NotificationService.swift */ = {isa = PBXFileReference; lastKnownFileType = sourcecode.swift; path = NotificationService.swift; sourceTree = "<group>"; };
		6C2C0F3A1F59517000C958DF /* Info.plist */ = {isa = PBXFileReference; lastKnownFileType = text.plist.xml; path = Info.plist; sourceTree = "<group>"; };
		6C2C0F421F595BB600C958DF /* Constants.swift */ = {isa = PBXFileReference; lastKnownFileType = sourcecode.swift; path = Constants.swift; sourceTree = "<group>"; };
		6C4064E31F49E99800411A60 /* LoginVC.swift */ = {isa = PBXFileReference; lastKnownFileType = sourcecode.swift; path = LoginVC.swift; sourceTree = "<group>"; };
		6C4922B71F6093030094CD18 /* nl */ = {isa = PBXFileReference; lastKnownFileType = text.plist.strings; name = nl; path = nl.lproj/InfoPlist.strings; sourceTree = "<group>"; };
		6C4922BC1F6093030094CD18 /* nl */ = {isa = PBXFileReference; lastKnownFileType = text.plist.strings; name = nl; path = nl.lproj/InfoPlist.strings; sourceTree = "<group>"; };
		6C4922C11F6093030094CD18 /* nl */ = {isa = PBXFileReference; lastKnownFileType = text.plist.strings; name = nl; path = nl.lproj/Localizable.strings; sourceTree = "<group>"; };
		6C4922C31F6093040094CD18 /* nl */ = {isa = PBXFileReference; lastKnownFileType = text.plist.strings; name = nl; path = nl.lproj/LaunchScreen.strings; sourceTree = "<group>"; };
		6C4922C41F6093040094CD18 /* nl */ = {isa = PBXFileReference; lastKnownFileType = text.plist.strings; name = nl; path = nl.lproj/Main.strings; sourceTree = "<group>"; };
		6C6815971F58173100FD9448 /* MainPVC.swift */ = {isa = PBXFileReference; lastKnownFileType = sourcecode.swift; path = MainPVC.swift; sourceTree = "<group>"; };
		6C6815991F582F0500FD9448 /* MainPVCContainer.swift */ = {isa = PBXFileReference; lastKnownFileType = sourcecode.swift; path = MainPVCContainer.swift; sourceTree = "<group>"; };
		6C87A2F91F55A3E50096FC30 /* DisDat.playground */ = {isa = PBXFileReference; lastKnownFileType = file.playground; name = DisDat.playground; path = DisDat/DisDat.playground; sourceTree = "<group>"; xcLanguageSpecificationIdentifier = xcode.lang.swift; };
		6C87A2FA1F55A52E0096FC30 /* labels_en-US.json */ = {isa = PBXFileReference; lastKnownFileType = text.json; path = "labels_en-US.json"; sourceTree = "<group>"; };
		6C943D251F5563D6001DADF7 /* labels_fr-FR.json */ = {isa = PBXFileReference; lastKnownFileType = text.json; path = "labels_fr-FR.json"; sourceTree = "<group>"; };
		6C943D261F5563D6001DADF7 /* labels_nl-BE.json */ = {isa = PBXFileReference; lastKnownFileType = text.json; path = "labels_nl-BE.json"; sourceTree = "<group>"; };
		6C94BBAE1F56C59900E12DDB /* AchievementDetailCell.swift */ = {isa = PBXFileReference; lastKnownFileType = sourcecode.swift; path = AchievementDetailCell.swift; sourceTree = "<group>"; };
		6CA05F801F5B2DFA00038B28 /* LaunchScreenVC.swift */ = {isa = PBXFileReference; lastKnownFileType = sourcecode.swift; path = LaunchScreenVC.swift; sourceTree = "<group>"; };
		6CAB30861F51A004007E8773 /* SettingsTVC.swift */ = {isa = PBXFileReference; lastKnownFileType = sourcecode.swift; path = SettingsTVC.swift; sourceTree = "<group>"; };
		6CAB30891F51ADA3007E8773 /* Authentication.swift */ = {isa = PBXFileReference; lastKnownFileType = sourcecode.swift; path = Authentication.swift; sourceTree = "<group>"; };
		6CAB30C21F51CAC2007E8773 /* GoogleService-Info.plist */ = {isa = PBXFileReference; lastKnownFileType = text.plist.xml; path = "GoogleService-Info.plist"; sourceTree = "<group>"; };
		6CB5E57A1F5EB04C00743B7F /* SpeechBubble.swift */ = {isa = PBXFileReference; lastKnownFileType = sourcecode.swift; path = SpeechBubble.swift; sourceTree = "<group>"; };
		6CDE44791F5589DE00A40256 /* AchievementsCVC.swift */ = {isa = PBXFileReference; lastKnownFileType = sourcecode.swift; path = AchievementsCVC.swift; sourceTree = "<group>"; };
		6CDE447B1F558C0D00A40256 /* AchievementCategoryCell.swift */ = {isa = PBXFileReference; lastKnownFileType = sourcecode.swift; path = AchievementCategoryCell.swift; sourceTree = "<group>"; };
		6CF478ED1F5F1F640088BE31 /* BridgingHeader.h */ = {isa = PBXFileReference; lastKnownFileType = sourcecode.c.h; path = BridgingHeader.h; sourceTree = "<group>"; };
		88C6A9BF1EF863CC00CC4360 /* DisDat.app */ = {isa = PBXFileReference; explicitFileType = wrapper.application; includeInIndex = 0; path = DisDat.app; sourceTree = BUILT_PRODUCTS_DIR; };
		88C6A9C21EF863CC00CC4360 /* AppDelegate.swift */ = {isa = PBXFileReference; indentWidth = 5; lastKnownFileType = sourcecode.swift; path = AppDelegate.swift; sourceTree = "<group>"; };
		88C6A9C41EF863CC00CC4360 /* DiscoverVC.swift */ = {isa = PBXFileReference; lastKnownFileType = sourcecode.swift; path = DiscoverVC.swift; sourceTree = "<group>"; };
		88C6A9C71EF863CC00CC4360 /* Base */ = {isa = PBXFileReference; lastKnownFileType = file.storyboard; name = Base; path = Base.lproj/Main.storyboard; sourceTree = "<group>"; };
		88C6A9C91EF863CC00CC4360 /* Assets.xcassets */ = {isa = PBXFileReference; lastKnownFileType = folder.assetcatalog; path = Assets.xcassets; sourceTree = "<group>"; };
		88C6A9CC1EF863CC00CC4360 /* Base */ = {isa = PBXFileReference; lastKnownFileType = file.storyboard; name = Base; path = Base.lproj/LaunchScreen.storyboard; sourceTree = "<group>"; };
		88C6A9CE1EF863CC00CC4360 /* Info.plist */ = {isa = PBXFileReference; lastKnownFileType = text.plist.xml; path = Info.plist; sourceTree = "<group>"; };
		A88EDEB3E7179E3E7E94324C /* Pods-OneSignalNotificationServiceExtension.release.xcconfig */ = {isa = PBXFileReference; includeInIndex = 1; lastKnownFileType = text.xcconfig; name = "Pods-OneSignalNotificationServiceExtension.release.xcconfig"; path = "Pods/Target Support Files/Pods-OneSignalNotificationServiceExtension/Pods-OneSignalNotificationServiceExtension.release.xcconfig"; sourceTree = "<group>"; };
		A89BB83B3B693F9D39DCA376 /* Pods-DisDat.release.xcconfig */ = {isa = PBXFileReference; includeInIndex = 1; lastKnownFileType = text.xcconfig; name = "Pods-DisDat.release.xcconfig"; path = "Pods/Target Support Files/Pods-DisDat/Pods-DisDat.release.xcconfig"; sourceTree = "<group>"; };
		BACF9497E6211FCE68FCEBEC /* Pods-OneSignalNotificationServiceExtension.debug.xcconfig */ = {isa = PBXFileReference; includeInIndex = 1; lastKnownFileType = text.xcconfig; name = "Pods-OneSignalNotificationServiceExtension.debug.xcconfig"; path = "Pods/Target Support Files/Pods-OneSignalNotificationServiceExtension/Pods-OneSignalNotificationServiceExtension.debug.xcconfig"; sourceTree = "<group>"; };
		D0A677F94A1B73C0D526DF2F /* Pods-DisDat.debug.xcconfig */ = {isa = PBXFileReference; includeInIndex = 1; lastKnownFileType = text.xcconfig; name = "Pods-DisDat.debug.xcconfig"; path = "Pods/Target Support Files/Pods-DisDat/Pods-DisDat.debug.xcconfig"; sourceTree = "<group>"; };
		E345F342BE95E8E655A5B1DB /* Pods_OneSignalNotificationServiceExtension.framework */ = {isa = PBXFileReference; explicitFileType = wrapper.framework; includeInIndex = 0; path = Pods_OneSignalNotificationServiceExtension.framework; sourceTree = BUILT_PRODUCTS_DIR; };
/* End PBXFileReference section */

/* Begin PBXFrameworksBuildPhase section */
		6C2C0F331F59517000C958DF /* Frameworks */ = {
			isa = PBXFrameworksBuildPhase;
			buildActionMask = 2147483647;
			files = (
				EC18BE76E27A3EB5CCACED8B /* Pods_OneSignalNotificationServiceExtension.framework in Frameworks */,
			);
			runOnlyForDeploymentPostprocessing = 0;
		};
		88C6A9BC1EF863CC00CC4360 /* Frameworks */ = {
			isa = PBXFrameworksBuildPhase;
			buildActionMask = 2147483647;
			files = (
				5889121456FB5A2EA5597BB9 /* Pods_DisDat.framework in Frameworks */,
				6C1BC8501F533E6600D53BBB /* FBSDKCoreKit.framework in Frameworks */,
				6C1BC8511F533E6900D53BBB /* FBSDKLoginKit.framework in Frameworks */,
				6C1BC8531F5342F100D53BBB /* Bolts.framework in Frameworks */,
			);
			runOnlyForDeploymentPostprocessing = 0;
		};
/* End PBXFrameworksBuildPhase section */

/* Begin PBXGroup section */
		6C07E0BA1F2CDF9E007A646A /* Localization */ = {
			isa = PBXGroup;
			children = (
				6C943D251F5563D6001DADF7 /* labels_fr-FR.json */,
				6C87A2FA1F55A52E0096FC30 /* labels_en-US.json */,
				6C943D261F5563D6001DADF7 /* labels_nl-BE.json */,
			);
			name = Localization;
			path = DisDat/Resources/Localization;
			sourceTree = SOURCE_ROOT;
		};
		6C2C0F371F59517000C958DF /* OneSignalNotificationServiceExtension */ = {
			isa = PBXGroup;
			children = (
				6C4922BD1F6093030094CD18 /* InfoPlist.strings */,
				6C2C0F381F59517000C958DF /* NotificationService.swift */,
				6C2C0F3A1F59517000C958DF /* Info.plist */,
			);
			path = OneSignalNotificationServiceExtension;
			sourceTree = "<group>";
		};
		6CAB30881F51AD89007E8773 /* AppState */ = {
			isa = PBXGroup;
			children = (
				6C165C261F421C7400B54C7C /* DiscoveredWordCollection.swift */,
				6CAB30891F51ADA3007E8773 /* Authentication.swift */,
			);
			path = AppState;
			sourceTree = "<group>";
		};
		6CAB308B1F51ADB6007E8773 /* Supporting Files */ = {
			isa = PBXGroup;
			children = (
				6C2C0F421F595BB600C958DF /* Constants.swift */,
				88C6A9C21EF863CC00CC4360 /* AppDelegate.swift */,
				6C1709651F2CE1F300A23068 /* Helpers.swift */,
				6CF478ED1F5F1F640088BE31 /* BridgingHeader.h */,
			);
			path = "Supporting Files";
			sourceTree = "<group>";
		};
		6CAB308C1F51ADD2007E8773 /* ViewControllers */ = {
			isa = PBXGroup;
			children = (
				6CA05F801F5B2DFA00038B28 /* LaunchScreenVC.swift */,
				6C6815991F582F0500FD9448 /* MainPVCContainer.swift */,
				6C6815971F58173100FD9448 /* MainPVC.swift */,
				88C6A9C41EF863CC00CC4360 /* DiscoverVC.swift */,
				6C07E0B61F2CADAE007A646A /* LanguageSelectorVC.swift */,
				6C165C281F421E9200B54C7C /* AchievementDetailTVC.swift */,
				6CDE44791F5589DE00A40256 /* AchievementsCVC.swift */,
				6CAB30861F51A004007E8773 /* SettingsTVC.swift */,
				6C4064E31F49E99800411A60 /* LoginVC.swift */,
			);
			path = ViewControllers;
			sourceTree = "<group>";
		};
		6CAB308D1F51ADE7007E8773 /* Views */ = {
			isa = PBXGroup;
			children = (
				88C6A9CB1EF863CC00CC4360 /* LaunchScreen.storyboard */,
				88C6A9C61EF863CC00CC4360 /* Main.storyboard */,
				6CB5E57A1F5EB04C00743B7F /* SpeechBubble.swift */,
				6C07E0B81F2CB07D007A646A /* LanguageSelectionPickerView.swift */,
				6CDE447B1F558C0D00A40256 /* AchievementCategoryCell.swift */,
				6C94BBAE1F56C59900E12DDB /* AchievementDetailCell.swift */,
			);
			path = Views;
			sourceTree = "<group>";
		};
		6CAB308E1F51ADFF007E8773 /* Models */ = {
			isa = PBXGroup;
			children = (
				5A0802281F4C6B6A0066D1D1 /* disdatkerasv8.mlmodel */,
			);
			path = Models;
			sourceTree = "<group>";
		};
		6CDE447D1F558C1F00A40256 /* Resources */ = {
			isa = PBXGroup;
			children = (
				88C6A9C91EF863CC00CC4360 /* Assets.xcassets */,
				6C07E0BA1F2CDF9E007A646A /* Localization */,
			);
			path = Resources;
			sourceTree = "<group>";
		};
		7062CFAB0F98C45051F0318E /* Pods */ = {
			isa = PBXGroup;
			children = (
				D0A677F94A1B73C0D526DF2F /* Pods-DisDat.debug.xcconfig */,
				A89BB83B3B693F9D39DCA376 /* Pods-DisDat.release.xcconfig */,
				BACF9497E6211FCE68FCEBEC /* Pods-OneSignalNotificationServiceExtension.debug.xcconfig */,
				A88EDEB3E7179E3E7E94324C /* Pods-OneSignalNotificationServiceExtension.release.xcconfig */,
			);
			name = Pods;
			sourceTree = "<group>";
		};
		88C6A9B61EF863CB00CC4360 = {
			isa = PBXGroup;
			children = (
				6C87A2F91F55A3E50096FC30 /* DisDat.playground */,
				88C6A9C11EF863CC00CC4360 /* DisDat */,
				6C2C0F371F59517000C958DF /* OneSignalNotificationServiceExtension */,
				88C6A9C01EF863CC00CC4360 /* Products */,
				AD0CCB1F68EB8FE43EE73F7D /* Frameworks */,
				7062CFAB0F98C45051F0318E /* Pods */,
			);
			sourceTree = "<group>";
		};
		88C6A9C01EF863CC00CC4360 /* Products */ = {
			isa = PBXGroup;
			children = (
				88C6A9BF1EF863CC00CC4360 /* DisDat.app */,
				6C2C0F361F59517000C958DF /* OneSignalNotificationServiceExtension.appex */,
			);
			name = Products;
			sourceTree = "<group>";
		};
		88C6A9C11EF863CC00CC4360 /* DisDat */ = {
			isa = PBXGroup;
			children = (
				6C4922C21F6093030094CD18 /* Localizable.strings */,
				6C4922B81F6093030094CD18 /* InfoPlist.strings */,
				6C2C0F311F58CE7D00C958DF /* DisDat.entitlements */,
				88C6A9CE1EF863CC00CC4360 /* Info.plist */,
				6CAB30C21F51CAC2007E8773 /* GoogleService-Info.plist */,
				6CAB30881F51AD89007E8773 /* AppState */,
				6CAB308E1F51ADFF007E8773 /* Models */,
				6CAB308D1F51ADE7007E8773 /* Views */,
				6CAB308C1F51ADD2007E8773 /* ViewControllers */,
				6CAB308B1F51ADB6007E8773 /* Supporting Files */,
				6CDE447D1F558C1F00A40256 /* Resources */,
			);
			path = DisDat;
			sourceTree = "<group>";
		};
		AD0CCB1F68EB8FE43EE73F7D /* Frameworks */ = {
			isa = PBXGroup;
			children = (
				6C1BC8521F5342EE00D53BBB /* Bolts.framework */,
				6C1BC84F1F533D5300D53BBB /* FBSDKCoreKit.framework */,
				6C1BC84E1F533D5300D53BBB /* FBSDKLoginKit.framework */,
				493863377EB474F78C41C68D /* Pods_DisDat.framework */,
				E345F342BE95E8E655A5B1DB /* Pods_OneSignalNotificationServiceExtension.framework */,
			);
			name = Frameworks;
			sourceTree = "<group>";
		};
/* End PBXGroup section */

/* Begin PBXNativeTarget section */
		6C2C0F351F59517000C958DF /* OneSignalNotificationServiceExtension */ = {
			isa = PBXNativeTarget;
			buildConfigurationList = 6C2C0F3E1F59517000C958DF /* Build configuration list for PBXNativeTarget "OneSignalNotificationServiceExtension" */;
			buildPhases = (
				F031491218D56B2C6DCE2296 /* [CP] Check Pods Manifest.lock */,
				6C2C0F321F59517000C958DF /* Sources */,
				6C2C0F331F59517000C958DF /* Frameworks */,
				6C2C0F341F59517000C958DF /* Resources */,
				323E9AF56169C6202542CFEB /* [CP] Copy Pods Resources */,
			);
			buildRules = (
			);
			dependencies = (
			);
			name = OneSignalNotificationServiceExtension;
			productName = OneSignalNotificationServiceExtension;
			productReference = 6C2C0F361F59517000C958DF /* OneSignalNotificationServiceExtension.appex */;
			productType = "com.apple.product-type.app-extension";
		};
		88C6A9BE1EF863CC00CC4360 /* DisDat */ = {
			isa = PBXNativeTarget;
			buildConfigurationList = 88C6A9D11EF863CC00CC4360 /* Build configuration list for PBXNativeTarget "DisDat" */;
			buildPhases = (
				5C9BF5D280A6B0509C1A768A /* [CP] Check Pods Manifest.lock */,
				88C6A9BB1EF863CC00CC4360 /* Sources */,
				88C6A9BC1EF863CC00CC4360 /* Frameworks */,
				88C6A9BD1EF863CC00CC4360 /* Resources */,
				F853919ABE5558A2071253C6 /* [CP] Embed Pods Frameworks */,
				262D5C827DF6C37576EF2D1B /* [CP] Copy Pods Resources */,
				6C2C0F411F59517000C958DF /* Embed App Extensions */,
				6CE658F01F5DB42D008B56DC /* ShellScript */,
			);
			buildRules = (
			);
			dependencies = (
				6C2C0F3C1F59517000C958DF /* PBXTargetDependency */,
			);
			name = DisDat;
			productName = VisionSample;
			productReference = 88C6A9BF1EF863CC00CC4360 /* DisDat.app */;
			productType = "com.apple.product-type.application";
		};
/* End PBXNativeTarget section */

/* Begin PBXProject section */
		88C6A9B71EF863CB00CC4360 /* Project object */ = {
			isa = PBXProject;
			attributes = {
				LastSwiftUpdateCheck = 0900;
				LastUpgradeCheck = 0900;
				ORGANIZATIONNAME = "Balloon Inc.";
				TargetAttributes = {
					6C2C0F351F59517000C958DF = {
						CreatedOnToolsVersion = 9.0;
						ProvisioningStyle = Automatic;
					};
					88C6A9BE1EF863CC00CC4360 = {
						CreatedOnToolsVersion = 9.0;
						ProvisioningStyle = Manual;
						SystemCapabilities = {
							com.apple.ApplicationGroups.iOS = {
								enabled = 0;
							};
							com.apple.BackgroundModes = {
								enabled = 1;
							};
							com.apple.Push = {
								enabled = 1;
							};
						};
					};
				};
			};
			buildConfigurationList = 88C6A9BA1EF863CB00CC4360 /* Build configuration list for PBXProject "DisDat" */;
			compatibilityVersion = "Xcode 8.0";
			developmentRegion = en;
			hasScannedForEncodings = 0;
			knownRegions = (
				en,
				Base,
			);
			mainGroup = 88C6A9B61EF863CB00CC4360;
			productRefGroup = 88C6A9C01EF863CC00CC4360 /* Products */;
			projectDirPath = "";
			projectRoot = "";
			targets = (
				88C6A9BE1EF863CC00CC4360 /* DisDat */,
				6C2C0F351F59517000C958DF /* OneSignalNotificationServiceExtension */,
			);
		};
/* End PBXProject section */

/* Begin PBXResourcesBuildPhase section */
		6C2C0F341F59517000C958DF /* Resources */ = {
			isa = PBXResourcesBuildPhase;
			buildActionMask = 2147483647;
			files = (
				6C4922BB1F6093030094CD18 /* InfoPlist.strings in Resources */,
			);
			runOnlyForDeploymentPostprocessing = 0;
		};
		88C6A9BD1EF863CC00CC4360 /* Resources */ = {
			isa = PBXResourcesBuildPhase;
			buildActionMask = 2147483647;
			files = (
				6C943D281F5563DC001DADF7 /* labels_fr-FR.json in Resources */,
				6C4922B61F6093030094CD18 /* InfoPlist.strings in Resources */,
				88C6A9CD1EF863CC00CC4360 /* LaunchScreen.storyboard in Resources */,
				6C87A2FB1F55A82E0096FC30 /* labels_en-US.json in Resources */,
				6C4922C01F6093030094CD18 /* Localizable.strings in Resources */,
				88C6A9CA1EF863CC00CC4360 /* Assets.xcassets in Resources */,
				6C943D2A1F5563E2001DADF7 /* labels_nl-BE.json in Resources */,
				88C6A9C81EF863CC00CC4360 /* Main.storyboard in Resources */,
				6C1BC84B1F52018600D53BBB /* GoogleService-Info.plist in Resources */,
			);
			runOnlyForDeploymentPostprocessing = 0;
		};
/* End PBXResourcesBuildPhase section */

/* Begin PBXShellScriptBuildPhase section */
		262D5C827DF6C37576EF2D1B /* [CP] Copy Pods Resources */ = {
			isa = PBXShellScriptBuildPhase;
			buildActionMask = 2147483647;
			files = (
			);
			inputPaths = (
				"${SRCROOT}/Pods/Target Support Files/Pods-DisDat/Pods-DisDat-resources.sh",
				"${PODS_ROOT}/GoogleSignIn/Resources/GoogleSignIn.bundle",
			);
			name = "[CP] Copy Pods Resources";
			outputPaths = (
				"${TARGET_BUILD_DIR}/${UNLOCALIZED_RESOURCES_FOLDER_PATH}",
			);
			runOnlyForDeploymentPostprocessing = 0;
			shellPath = /bin/sh;
			shellScript = "\"${SRCROOT}/Pods/Target Support Files/Pods-DisDat/Pods-DisDat-resources.sh\"\n";
			showEnvVarsInLog = 0;
		};
		323E9AF56169C6202542CFEB /* [CP] Copy Pods Resources */ = {
			isa = PBXShellScriptBuildPhase;
			buildActionMask = 2147483647;
			files = (
			);
			inputPaths = (
			);
			name = "[CP] Copy Pods Resources";
			outputPaths = (
			);
			runOnlyForDeploymentPostprocessing = 0;
			shellPath = /bin/sh;
			shellScript = "\"${SRCROOT}/Pods/Target Support Files/Pods-OneSignalNotificationServiceExtension/Pods-OneSignalNotificationServiceExtension-resources.sh\"\n";
			showEnvVarsInLog = 0;
		};
		5C9BF5D280A6B0509C1A768A /* [CP] Check Pods Manifest.lock */ = {
			isa = PBXShellScriptBuildPhase;
			buildActionMask = 2147483647;
			files = (
			);
			inputPaths = (
				"${PODS_PODFILE_DIR_PATH}/Podfile.lock",
				"${PODS_ROOT}/Manifest.lock",
			);
			name = "[CP] Check Pods Manifest.lock";
			outputPaths = (
				"$(DERIVED_FILE_DIR)/Pods-DisDat-checkManifestLockResult.txt",
			);
			runOnlyForDeploymentPostprocessing = 0;
			shellPath = /bin/sh;
			shellScript = "diff \"${PODS_PODFILE_DIR_PATH}/Podfile.lock\" \"${PODS_ROOT}/Manifest.lock\" > /dev/null\nif [ $? != 0 ] ; then\n    # print error to STDERR\n    echo \"error: The sandbox is not in sync with the Podfile.lock. Run 'pod install' or update your CocoaPods installation.\" >&2\n    exit 1\nfi\n# This output is used by Xcode 'outputs' to avoid re-running this script phase.\necho \"SUCCESS\" > \"${SCRIPT_OUTPUT_FILE_0}\"\n";
			showEnvVarsInLog = 0;
		};
		6CE658F01F5DB42D008B56DC /* ShellScript */ = {
			isa = PBXShellScriptBuildPhase;
			buildActionMask = 2147483647;
			files = (
			);
			inputPaths = (
			);
			outputPaths = (
			);
			runOnlyForDeploymentPostprocessing = 0;
			shellPath = /bin/sh;
			shellScript = "\"${PODS_ROOT}/Fabric/run\" 59ea7586af839f58e7e7a5e72998db5c8bbc58bb a35ad5d850facfd9d8c4e3d32e4d633778ff8f609c847d02c46746310e290590";
		};
		F031491218D56B2C6DCE2296 /* [CP] Check Pods Manifest.lock */ = {
			isa = PBXShellScriptBuildPhase;
			buildActionMask = 2147483647;
			files = (
			);
			inputPaths = (
				"${PODS_PODFILE_DIR_PATH}/Podfile.lock",
				"${PODS_ROOT}/Manifest.lock",
			);
			name = "[CP] Check Pods Manifest.lock";
			outputPaths = (
				"$(DERIVED_FILE_DIR)/Pods-OneSignalNotificationServiceExtension-checkManifestLockResult.txt",
			);
			runOnlyForDeploymentPostprocessing = 0;
			shellPath = /bin/sh;
			shellScript = "diff \"${PODS_PODFILE_DIR_PATH}/Podfile.lock\" \"${PODS_ROOT}/Manifest.lock\" > /dev/null\nif [ $? != 0 ] ; then\n    # print error to STDERR\n    echo \"error: The sandbox is not in sync with the Podfile.lock. Run 'pod install' or update your CocoaPods installation.\" >&2\n    exit 1\nfi\n# This output is used by Xcode 'outputs' to avoid re-running this script phase.\necho \"SUCCESS\" > \"${SCRIPT_OUTPUT_FILE_0}\"\n";
			showEnvVarsInLog = 0;
		};
		F853919ABE5558A2071253C6 /* [CP] Embed Pods Frameworks */ = {
			isa = PBXShellScriptBuildPhase;
			buildActionMask = 2147483647;
			files = (
			);
			inputPaths = (
				"${SRCROOT}/Pods/Target Support Files/Pods-DisDat/Pods-DisDat-frameworks.sh",
				"${BUILT_PRODUCTS_DIR}/GTMOAuth2/GTMOAuth2.framework",
				"${BUILT_PRODUCTS_DIR}/GTMSessionFetcher/GTMSessionFetcher.framework",
				"${BUILT_PRODUCTS_DIR}/GoogleToolboxForMac/GoogleToolboxForMac.framework",
				"${BUILT_PRODUCTS_DIR}/KDCircularProgress/KDCircularProgress.framework",
				"${BUILT_PRODUCTS_DIR}/Kingfisher/Kingfisher.framework",
				"${BUILT_PRODUCTS_DIR}/PopupDialog/PopupDialog.framework",
				"${BUILT_PRODUCTS_DIR}/leveldb-library/leveldb.framework",
				"${BUILT_PRODUCTS_DIR}/nanopb/nanopb.framework",
			);
			name = "[CP] Embed Pods Frameworks";
			outputPaths = (
				"${TARGET_BUILD_DIR}/${FRAMEWORKS_FOLDER_PATH}/GTMOAuth2.framework",
				"${TARGET_BUILD_DIR}/${FRAMEWORKS_FOLDER_PATH}/GTMSessionFetcher.framework",
				"${TARGET_BUILD_DIR}/${FRAMEWORKS_FOLDER_PATH}/GoogleToolboxForMac.framework",
				"${TARGET_BUILD_DIR}/${FRAMEWORKS_FOLDER_PATH}/KDCircularProgress.framework",
				"${TARGET_BUILD_DIR}/${FRAMEWORKS_FOLDER_PATH}/Kingfisher.framework",
				"${TARGET_BUILD_DIR}/${FRAMEWORKS_FOLDER_PATH}/PopupDialog.framework",
				"${TARGET_BUILD_DIR}/${FRAMEWORKS_FOLDER_PATH}/leveldb.framework",
				"${TARGET_BUILD_DIR}/${FRAMEWORKS_FOLDER_PATH}/nanopb.framework",
			);
			runOnlyForDeploymentPostprocessing = 0;
			shellPath = /bin/sh;
			shellScript = "\"${SRCROOT}/Pods/Target Support Files/Pods-DisDat/Pods-DisDat-frameworks.sh\"\n";
			showEnvVarsInLog = 0;
		};
/* End PBXShellScriptBuildPhase section */

/* Begin PBXSourcesBuildPhase section */
		6C2C0F321F59517000C958DF /* Sources */ = {
			isa = PBXSourcesBuildPhase;
			buildActionMask = 2147483647;
			files = (
				6C2C0F391F59517000C958DF /* NotificationService.swift in Sources */,
			);
			runOnlyForDeploymentPostprocessing = 0;
		};
		88C6A9BB1EF863CC00CC4360 /* Sources */ = {
			isa = PBXSourcesBuildPhase;
			buildActionMask = 2147483647;
			files = (
				5A0802291F4C6C0D0066D1D1 /* disdatkerasv8.mlmodel in Sources */,
				6C2C0F431F595BB600C958DF /* Constants.swift in Sources */,
				88C6A9C51EF863CC00CC4360 /* DiscoverVC.swift in Sources */,
				6C68159A1F582F0500FD9448 /* MainPVCContainer.swift in Sources */,
				6C1709661F2CE1F300A23068 /* Helpers.swift in Sources */,
				6CA05F811F5B2DFA00038B28 /* LaunchScreenVC.swift in Sources */,
				6C4064E41F49E99800411A60 /* LoginVC.swift in Sources */,
				6CAB30871F51A005007E8773 /* SettingsTVC.swift in Sources */,
				6CB5E57B1F5EB04C00743B7F /* SpeechBubble.swift in Sources */,
				6C6815981F58173100FD9448 /* MainPVC.swift in Sources */,
				6C165C291F421E9200B54C7C /* AchievementDetailTVC.swift in Sources */,
				6CDE447A1F5589DE00A40256 /* AchievementsCVC.swift in Sources */,
				6C07E0B91F2CB07D007A646A /* LanguageSelectionPickerView.swift in Sources */,
				6C94BBAF1F56C59900E12DDB /* AchievementDetailCell.swift in Sources */,
				6C165C271F421C7400B54C7C /* DiscoveredWordCollection.swift in Sources */,
				88C6A9C31EF863CC00CC4360 /* AppDelegate.swift in Sources */,
				6CDE447C1F558C0D00A40256 /* AchievementCategoryCell.swift in Sources */,
				6C07E0B71F2CADAE007A646A /* LanguageSelectorVC.swift in Sources */,
				6CAB308A1F51ADA3007E8773 /* Authentication.swift in Sources */,
			);
			runOnlyForDeploymentPostprocessing = 0;
		};
/* End PBXSourcesBuildPhase section */

/* Begin PBXTargetDependency section */
		6C2C0F3C1F59517000C958DF /* PBXTargetDependency */ = {
			isa = PBXTargetDependency;
			target = 6C2C0F351F59517000C958DF /* OneSignalNotificationServiceExtension */;
			targetProxy = 6C2C0F3B1F59517000C958DF /* PBXContainerItemProxy */;
		};
/* End PBXTargetDependency section */

/* Begin PBXVariantGroup section */
		6C4922B81F6093030094CD18 /* InfoPlist.strings */ = {
			isa = PBXVariantGroup;
			children = (
				6C4922B71F6093030094CD18 /* nl */,
			);
			name = InfoPlist.strings;
			sourceTree = "<group>";
		};
		6C4922BD1F6093030094CD18 /* InfoPlist.strings */ = {
			isa = PBXVariantGroup;
			children = (
				6C4922BC1F6093030094CD18 /* nl */,
			);
			name = InfoPlist.strings;
			sourceTree = "<group>";
		};
		6C4922C21F6093030094CD18 /* Localizable.strings */ = {
			isa = PBXVariantGroup;
			children = (
				6C4922C11F6093030094CD18 /* nl */,
			);
			name = Localizable.strings;
			sourceTree = "<group>";
		};
		88C6A9C61EF863CC00CC4360 /* Main.storyboard */ = {
			isa = PBXVariantGroup;
			children = (
				88C6A9C71EF863CC00CC4360 /* Base */,
				6C4922C41F6093040094CD18 /* nl */,
			);
			name = Main.storyboard;
			sourceTree = "<group>";
		};
		88C6A9CB1EF863CC00CC4360 /* LaunchScreen.storyboard */ = {
			isa = PBXVariantGroup;
			children = (
				88C6A9CC1EF863CC00CC4360 /* Base */,
				6C4922C31F6093040094CD18 /* nl */,
			);
			name = LaunchScreen.storyboard;
			sourceTree = "<group>";
		};
/* End PBXVariantGroup section */

/* Begin XCBuildConfiguration section */
		6C2C0F3F1F59517000C958DF /* Debug */ = {
			isa = XCBuildConfiguration;
			baseConfigurationReference = BACF9497E6211FCE68FCEBEC /* Pods-OneSignalNotificationServiceExtension.debug.xcconfig */;
			buildSettings = {
				"CODE_SIGN_IDENTITY[sdk=iphoneos*]" = "iPhone Developer";
				CODE_SIGN_STYLE = Automatic;
				DEVELOPMENT_TEAM = JRS568U6JT;
				INFOPLIST_FILE = OneSignalNotificationServiceExtension/Info.plist;
				LD_RUNPATH_SEARCH_PATHS = "$(inherited) @executable_path/Frameworks @executable_path/../../Frameworks";
				PRODUCT_BUNDLE_IDENTIFIER = be.ballooninc.disdatapp.OneSignalNotificationServiceExtension;
				PRODUCT_NAME = "$(TARGET_NAME)";
				PROVISIONING_PROFILE = "";
				PROVISIONING_PROFILE_SPECIFIER = "";
				SKIP_INSTALL = YES;
				SWIFT_VERSION = 4.0;
				TARGETED_DEVICE_FAMILY = "1,2";
			};
			name = Debug;
		};
		6C2C0F401F59517000C958DF /* Release */ = {
			isa = XCBuildConfiguration;
			baseConfigurationReference = A88EDEB3E7179E3E7E94324C /* Pods-OneSignalNotificationServiceExtension.release.xcconfig */;
			buildSettings = {
				"CODE_SIGN_IDENTITY[sdk=iphoneos*]" = "iPhone Developer";
				CODE_SIGN_STYLE = Automatic;
				DEVELOPMENT_TEAM = JRS568U6JT;
				INFOPLIST_FILE = OneSignalNotificationServiceExtension/Info.plist;
				LD_RUNPATH_SEARCH_PATHS = "$(inherited) @executable_path/Frameworks @executable_path/../../Frameworks";
				PRODUCT_BUNDLE_IDENTIFIER = be.ballooninc.disdatapp.OneSignalNotificationServiceExtension;
				PRODUCT_NAME = "$(TARGET_NAME)";
				PROVISIONING_PROFILE = "";
				PROVISIONING_PROFILE_SPECIFIER = "";
				SKIP_INSTALL = YES;
				SWIFT_VERSION = 4.0;
				TARGETED_DEVICE_FAMILY = "1,2";
			};
			name = Release;
		};
		88C6A9CF1EF863CC00CC4360 /* Debug */ = {
			isa = XCBuildConfiguration;
			buildSettings = {
				ALWAYS_SEARCH_USER_PATHS = NO;
				CLANG_ANALYZER_NONNULL = YES;
				CLANG_ANALYZER_NUMBER_OBJECT_CONVERSION = YES_AGGRESSIVE;
				CLANG_CXX_LANGUAGE_STANDARD = "gnu++14";
				CLANG_CXX_LIBRARY = "libc++";
				CLANG_ENABLE_MODULES = YES;
				CLANG_ENABLE_OBJC_ARC = YES;
				CLANG_WARN_BLOCK_CAPTURE_AUTORELEASING = YES;
				CLANG_WARN_BOOL_CONVERSION = YES;
				CLANG_WARN_COMMA = YES;
				CLANG_WARN_CONSTANT_CONVERSION = YES;
				CLANG_WARN_DIRECT_OBJC_ISA_USAGE = YES_ERROR;
				CLANG_WARN_DOCUMENTATION_COMMENTS = YES;
				CLANG_WARN_EMPTY_BODY = YES;
				CLANG_WARN_ENUM_CONVERSION = YES;
				CLANG_WARN_INFINITE_RECURSION = YES;
				CLANG_WARN_INT_CONVERSION = YES;
				CLANG_WARN_NON_LITERAL_NULL_CONVERSION = YES;
				CLANG_WARN_OBJC_LITERAL_CONVERSION = YES;
				CLANG_WARN_OBJC_ROOT_CLASS = YES_ERROR;
				CLANG_WARN_RANGE_LOOP_ANALYSIS = YES;
				CLANG_WARN_STRICT_PROTOTYPES = YES;
				CLANG_WARN_SUSPICIOUS_MOVE = YES;
				CLANG_WARN_UNGUARDED_AVAILABILITY = YES_AGGRESSIVE;
				CLANG_WARN_UNREACHABLE_CODE = YES;
				CLANG_WARN__DUPLICATE_METHOD_MATCH = YES;
				CODE_SIGN_IDENTITY = "iPhone Developer";
				COPY_PHASE_STRIP = NO;
				DEBUG_INFORMATION_FORMAT = dwarf;
				ENABLE_STRICT_OBJC_MSGSEND = YES;
				ENABLE_TESTABILITY = YES;
				GCC_C_LANGUAGE_STANDARD = gnu11;
				GCC_DYNAMIC_NO_PIC = NO;
				GCC_NO_COMMON_BLOCKS = YES;
				GCC_OPTIMIZATION_LEVEL = 0;
				GCC_PREPROCESSOR_DEFINITIONS = (
					"DEBUG=1",
					"$(inherited)",
				);
				GCC_WARN_64_TO_32_BIT_CONVERSION = YES;
				GCC_WARN_ABOUT_RETURN_TYPE = YES_ERROR;
				GCC_WARN_UNDECLARED_SELECTOR = YES;
				GCC_WARN_UNINITIALIZED_AUTOS = YES_AGGRESSIVE;
				GCC_WARN_UNUSED_FUNCTION = YES;
				GCC_WARN_UNUSED_VARIABLE = YES;
				IPHONEOS_DEPLOYMENT_TARGET = 11.0;
				MTL_ENABLE_DEBUG_INFO = YES;
				ONLY_ACTIVE_ARCH = YES;
				SDKROOT = iphoneos;
				SWIFT_ACTIVE_COMPILATION_CONDITIONS = DEBUG;
				SWIFT_OPTIMIZATION_LEVEL = "-Onone";
			};
			name = Debug;
		};
		88C6A9D01EF863CC00CC4360 /* Release */ = {
			isa = XCBuildConfiguration;
			buildSettings = {
				ALWAYS_SEARCH_USER_PATHS = NO;
				CLANG_ANALYZER_NONNULL = YES;
				CLANG_ANALYZER_NUMBER_OBJECT_CONVERSION = YES_AGGRESSIVE;
				CLANG_CXX_LANGUAGE_STANDARD = "gnu++14";
				CLANG_CXX_LIBRARY = "libc++";
				CLANG_ENABLE_MODULES = YES;
				CLANG_ENABLE_OBJC_ARC = YES;
				CLANG_WARN_BLOCK_CAPTURE_AUTORELEASING = YES;
				CLANG_WARN_BOOL_CONVERSION = YES;
				CLANG_WARN_COMMA = YES;
				CLANG_WARN_CONSTANT_CONVERSION = YES;
				CLANG_WARN_DIRECT_OBJC_ISA_USAGE = YES_ERROR;
				CLANG_WARN_DOCUMENTATION_COMMENTS = YES;
				CLANG_WARN_EMPTY_BODY = YES;
				CLANG_WARN_ENUM_CONVERSION = YES;
				CLANG_WARN_INFINITE_RECURSION = YES;
				CLANG_WARN_INT_CONVERSION = YES;
				CLANG_WARN_NON_LITERAL_NULL_CONVERSION = YES;
				CLANG_WARN_OBJC_LITERAL_CONVERSION = YES;
				CLANG_WARN_OBJC_ROOT_CLASS = YES_ERROR;
				CLANG_WARN_RANGE_LOOP_ANALYSIS = YES;
				CLANG_WARN_STRICT_PROTOTYPES = YES;
				CLANG_WARN_SUSPICIOUS_MOVE = YES;
				CLANG_WARN_UNGUARDED_AVAILABILITY = YES_AGGRESSIVE;
				CLANG_WARN_UNREACHABLE_CODE = YES;
				CLANG_WARN__DUPLICATE_METHOD_MATCH = YES;
				CODE_SIGN_IDENTITY = "iPhone Developer";
				COPY_PHASE_STRIP = NO;
				DEBUG_INFORMATION_FORMAT = "dwarf-with-dsym";
				ENABLE_NS_ASSERTIONS = NO;
				ENABLE_STRICT_OBJC_MSGSEND = YES;
				GCC_C_LANGUAGE_STANDARD = gnu11;
				GCC_NO_COMMON_BLOCKS = YES;
				GCC_WARN_64_TO_32_BIT_CONVERSION = YES;
				GCC_WARN_ABOUT_RETURN_TYPE = YES_ERROR;
				GCC_WARN_UNDECLARED_SELECTOR = YES;
				GCC_WARN_UNINITIALIZED_AUTOS = YES_AGGRESSIVE;
				GCC_WARN_UNUSED_FUNCTION = YES;
				GCC_WARN_UNUSED_VARIABLE = YES;
				IPHONEOS_DEPLOYMENT_TARGET = 11.0;
				MTL_ENABLE_DEBUG_INFO = NO;
				SDKROOT = iphoneos;
				SWIFT_OPTIMIZATION_LEVEL = "-Owholemodule";
				VALIDATE_PRODUCT = YES;
			};
			name = Release;
		};
		88C6A9D21EF863CC00CC4360 /* Debug */ = {
			isa = XCBuildConfiguration;
			baseConfigurationReference = D0A677F94A1B73C0D526DF2F /* Pods-DisDat.debug.xcconfig */;
			buildSettings = {
				ASSETCATALOG_COMPILER_APPICON_NAME = AppIcon;
				CODE_SIGN_ENTITLEMENTS = DisDat/DisDat.entitlements;
				CODE_SIGN_STYLE = Manual;
				CURRENT_PROJECT_VERSION = 1;
				DEVELOPMENT_TEAM = JRS568U6JT;
				FRAMEWORK_SEARCH_PATHS = (
					"$(inherited)",
					"$(PROJECT_DIR)",
				);
				INFOPLIST_FILE = "$(SRCROOT)/DisDat/Info.plist";
				LD_RUNPATH_SEARCH_PATHS = "$(inherited) @executable_path/Frameworks";
				PRODUCT_BUNDLE_IDENTIFIER = be.ballooninc.disdatapp;
				PRODUCT_NAME = "$(TARGET_NAME)";
				PROVISIONING_PROFILE = "b2e5a5db-2c9f-468c-b2bd-4188419442ae";
				PROVISIONING_PROFILE_SPECIFIER = "DisDat development profile";
				SWIFT_OBJC_BRIDGING_HEADER = "$(SRCROOT)/DisDat/Supporting Files/BridgingHeader.h";
				SWIFT_VERSION = 4.0;
				TARGETED_DEVICE_FAMILY = "1,2";
				VERSIONING_SYSTEM = "apple-generic";
			};
			name = Debug;
		};
		88C6A9D31EF863CC00CC4360 /* Release */ = {
			isa = XCBuildConfiguration;
			baseConfigurationReference = A89BB83B3B693F9D39DCA376 /* Pods-DisDat.release.xcconfig */;
			buildSettings = {
				ASSETCATALOG_COMPILER_APPICON_NAME = AppIcon;
				CODE_SIGN_ENTITLEMENTS = DisDat/DisDat.entitlements;
				CODE_SIGN_STYLE = Manual;
				CURRENT_PROJECT_VERSION = 1;
				DEVELOPMENT_TEAM = JRS568U6JT;
				FRAMEWORK_SEARCH_PATHS = (
					"$(inherited)",
					"$(PROJECT_DIR)",
				);
				INFOPLIST_FILE = "$(SRCROOT)/DisDat/Info.plist";
				LD_RUNPATH_SEARCH_PATHS = "$(inherited) @executable_path/Frameworks";
				PRODUCT_BUNDLE_IDENTIFIER = be.ballooninc.disdatapp;
				PRODUCT_NAME = "$(TARGET_NAME)";
				PROVISIONING_PROFILE = "b2e5a5db-2c9f-468c-b2bd-4188419442ae";
				PROVISIONING_PROFILE_SPECIFIER = "DisDat development profile";
				SWIFT_OBJC_BRIDGING_HEADER = "$(SRCROOT)/DisDat/Supporting Files/BridgingHeader.h";
				SWIFT_VERSION = 4.0;
				TARGETED_DEVICE_FAMILY = "1,2";
				VERSIONING_SYSTEM = "apple-generic";
			};
			name = Release;
		};
/* End XCBuildConfiguration section */

/* Begin XCConfigurationList section */
		6C2C0F3E1F59517000C958DF /* Build configuration list for PBXNativeTarget "OneSignalNotificationServiceExtension" */ = {
			isa = XCConfigurationList;
			buildConfigurations = (
				6C2C0F3F1F59517000C958DF /* Debug */,
				6C2C0F401F59517000C958DF /* Release */,
			);
			defaultConfigurationIsVisible = 0;
			defaultConfigurationName = Release;
		};
		88C6A9BA1EF863CB00CC4360 /* Build configuration list for PBXProject "DisDat" */ = {
			isa = XCConfigurationList;
			buildConfigurations = (
				88C6A9CF1EF863CC00CC4360 /* Debug */,
				88C6A9D01EF863CC00CC4360 /* Release */,
			);
			defaultConfigurationIsVisible = 0;
			defaultConfigurationName = Release;
		};
		88C6A9D11EF863CC00CC4360 /* Build configuration list for PBXNativeTarget "DisDat" */ = {
			isa = XCConfigurationList;
			buildConfigurations = (
				88C6A9D21EF863CC00CC4360 /* Debug */,
				88C6A9D31EF863CC00CC4360 /* Release */,
			);
			defaultConfigurationIsVisible = 0;
			defaultConfigurationName = Release;
		};
/* End XCConfigurationList section */
	};
	rootObject = 88C6A9B71EF863CB00CC4360 /* Project object */;
}
